
Microsoft Visual Studio Solution File, Format Version 12.00
# Visual Studio 14
VisualStudioVersion = 14.0.25420.1
MinimumVisualStudioVersion = 10.0.40219.1
Project("{FAE04EC0-301F-11D3-BF4B-00C04F79EFBC}") = "SampleMvcWebApp", "SampleMvcWebApp\SampleMvcWebApp.csproj", "{EA3435DC-024B-46EC-9123-D8F36DD6AC11}"
EndProject
Project("{2150E333-8FDC-42A3-9474-1A3956D46DE8}") = "Tests", "Tests", "{ECA537C8-7C1F-4735-9F3B-26B171C69961}"
EndProject
Project("{FAE04EC0-301F-11D3-BF4B-00C04F79EFBC}") = "BusinessLayer", "BusinessLayer\BusinessLayer.csproj", "{0755F9FF-C6DA-4191-A27F-2CC408FF2865}"
EndProject
Project("{FAE04EC0-301F-11D3-BF4B-00C04F79EFBC}") = "BusinessLayerTests", "BusinessLayerTests\BusinessLayerTests.csproj", "{3F68EB51-F2ED-408D-AEA8-FF7FFC17EE18}"
EndProject
Global
	GlobalSection(SolutionConfigurationPlatforms) = preSolution
		Debug|Any CPU = Debug|Any CPU
		Release|Any CPU = Release|Any CPU
	EndGlobalSection
	GlobalSection(ProjectConfigurationPlatforms) = postSolution
		{EA3435DC-024B-46EC-9123-D8F36DD6AC11}.Debug|Any CPU.ActiveCfg = Debug|Any CPU
		{EA3435DC-024B-46EC-9123-D8F36DD6AC11}.Debug|Any CPU.Build.0 = Debug|Any CPU
		{EA3435DC-024B-46EC-9123-D8F36DD6AC11}.Release|Any CPU.ActiveCfg = Release|Any CPU
		{EA3435DC-024B-46EC-9123-D8F36DD6AC11}.Release|Any CPU.Build.0 = Release|Any CPU
		{0755F9FF-C6DA-4191-A27F-2CC408FF2865}.Debug|Any CPU.ActiveCfg = Debug|Any CPU
		{0755F9FF-C6DA-4191-A27F-2CC408FF2865}.Debug|Any CPU.Build.0 = Debug|Any CPU
		{0755F9FF-C6DA-4191-A27F-2CC408FF2865}.Release|Any CPU.ActiveCfg = Release|Any CPU
		{0755F9FF-C6DA-4191-A27F-2CC408FF2865}.Release|Any CPU.Build.0 = Release|Any CPU
		{3F68EB51-F2ED-408D-AEA8-FF7FFC17EE18}.Debug|Any CPU.ActiveCfg = Debug|Any CPU
		{3F68EB51-F2ED-408D-AEA8-FF7FFC17EE18}.Debug|Any CPU.Build.0 = Debug|Any CPU
		{3F68EB51-F2ED-408D-AEA8-FF7FFC17EE18}.Release|Any CPU.ActiveCfg = Release|Any CPU
		{3F68EB51-F2ED-408D-AEA8-FF7FFC17EE18}.Release|Any CPU.Build.0 = Release|Any CPU
	EndGlobalSection
	GlobalSection(SolutionProperties) = preSolution
		HideSolutionNode = FALSE
	EndGlobalSection
	GlobalSection(NestedProjects) = preSolution
		{3F68EB51-F2ED-408D-AEA8-FF7FFC17EE18} = {ECA537C8-7C1F-4735-9F3B-26B171C69961}
	EndGlobalSection
EndGlobal
